# THIS IS AN AUTOGENERATED FILE. DO NOT EDIT THIS FILE DIRECTLY.
# yarn lockfile v1


eslint-import-resolver-alias@^1.1.1:
  version "1.1.1"
  resolved "https://registry.yarnpkg.com/eslint-import-resolver-alias/-/eslint-import-resolver-alias-1.1.1.tgz#c308bbcb1c0fd66a623837edec9ef7423f67a85a"
  integrity sha512-WJjkXU1aEQiBplyJNnnkKXVW0bWV8RA2tpub3+AGVdU+5EMpayg7du45l9fxIyIryLC3uPUOh85nDPIx+3A9UQ==
